
Microsoft Visual Studio Solution File, Format Version 12.00
# Visual Studio Version 17
VisualStudioVersion = 17.3.32825.248
MinimumVisualStudioVersion = 10.0.40219.1
Project("{8BC9CEB8-8B4A-11D0-8D11-00A0C91BC942}") = "lab4_CREATE", "lab4\lab4.vcxproj", "{EB24BC6A-D408-418E-8CFD-88C25077F06F}"
EndProject
Project("{8BC9CEB8-8B4A-11D0-8D11-00A0C91BC942}") = "SP4_HTCOM", "SP4_HTCOM\SP4_HTCOM.vcxproj", "{8AE55433-AEF7-45AD-A7C6-28EDC6226AF6}"
EndProject
Project("{8BC9CEB8-8B4A-11D0-8D11-00A0C91BC942}") = "SP4_HTCOM_LIB", "SP4_HTCOM_LIB\SP4_HTCOM_LIB.vcxproj", "{6E49CCC4-45D8-441C-B1EF-ED68ED28593F}"
EndProject
Project("{8BC9CEB8-8B4A-11D0-8D11-00A0C91BC942}") = "lab4_START", "lab4_START\lab4_START.vcxproj", "{4FF41492-7A2C-4E7D-A94A-5A29CD82653F}"
EndProject
Project("{8BC9CEB8-8B4A-11D0-8D11-00A0C91BC942}") = "lab4_STOP", "lab4_STOP\lab4_STOP.vcxproj", "{448F9565-FE02-4539-BF32-DA684AB091DB}"
EndProject
Project("{8BC9CEB8-8B4A-11D0-8D11-00A0C91BC942}") = "lab4_02", "lab4_02\lab4_02.vcxproj", "{FD784964-71D9-43C7-9C01-F9B991629C3E}"
EndProject
Project("{8BC9CEB8-8B4A-11D0-8D11-00A0C91BC942}") = "lab4_03", "lab4_03\lab4_03.vcxproj", "{F3C30D1B-5299-4646-ABC0-C24D16525BA9}"
EndProject
Project("{8BC9CEB8-8B4A-11D0-8D11-00A0C91BC942}") = "lab4_04", "lab4_04\lab4_04.vcxproj", "{E036B911-DA6D-4998-885C-EF56577A3775}"
EndProject
Global
	GlobalSection(SolutionConfigurationPlatforms) = preSolution
		Debug|x64 = Debug|x64
		Debug|x86 = Debug|x86
		Release|x64 = Release|x64
		Release|x86 = Release|x86
	EndGlobalSection
	GlobalSection(ProjectConfigurationPlatforms) = postSolution
		{EB24BC6A-D408-418E-8CFD-88C25077F06F}.Debug|x64.ActiveCfg = Debug|x64
		{EB24BC6A-D408-418E-8CFD-88C25077F06F}.Debug|x64.Build.0 = Debug|x64
		{EB24BC6A-D408-418E-8CFD-88C25077F06F}.Debug|x86.ActiveCfg = Debug|Win32
		{EB24BC6A-D408-418E-8CFD-88C25077F06F}.Debug|x86.Build.0 = Debug|Win32
		{EB24BC6A-D408-418E-8CFD-88C25077F06F}.Release|x64.ActiveCfg = Release|x64
		{EB24BC6A-D408-418E-8CFD-88C25077F06F}.Release|x64.Build.0 = Release|x64
		{EB24BC6A-D408-418E-8CFD-88C25077F06F}.Release|x86.ActiveCfg = Release|Win32
		{EB24BC6A-D408-418E-8CFD-88C25077F06F}.Release|x86.Build.0 = Release|Win32
		{8AE55433-AEF7-45AD-A7C6-28EDC6226AF6}.Debug|x64.ActiveCfg = Debug|x64
		{8AE55433-AEF7-45AD-A7C6-28EDC6226AF6}.Debug|x64.Build.0 = Debug|x64
		{8AE55433-AEF7-45AD-A7C6-28EDC6226AF6}.Debug|x86.ActiveCfg = Debug|Win32
		{8AE55433-AEF7-45AD-A7C6-28EDC6226AF6}.Debug|x86.Build.0 = Debug|Win32
		{8AE55433-AEF7-45AD-A7C6-28EDC6226AF6}.Release|x64.ActiveCfg = Release|x64
		{8AE55433-AEF7-45AD-A7C6-28EDC6226AF6}.Release|x64.Build.0 = Release|x64
		{8AE55433-AEF7-45AD-A7C6-28EDC6226AF6}.Release|x86.ActiveCfg = Release|Win32
		{8AE55433-AEF7-45AD-A7C6-28EDC6226AF6}.Release|x86.Build.0 = Release|Win32
		{6E49CCC4-45D8-441C-B1EF-ED68ED28593F}.Debug|x64.ActiveCfg = Debug|x64
		{6E49CCC4-45D8-441C-B1EF-ED68ED28593F}.Debug|x64.Build.0 = Debug|x64
		{6E49CCC4-45D8-441C-B1EF-ED68ED28593F}.Debug|x86.ActiveCfg = Debug|Win32
		{6E49CCC4-45D8-441C-B1EF-ED68ED28593F}.Debug|x86.Build.0 = Debug|Win32
		{6E49CCC4-45D8-441C-B1EF-ED68ED28593F}.Release|x64.ActiveCfg = Release|x64
		{6E49CCC4-45D8-441C-B1EF-ED68ED28593F}.Release|x64.Build.0 = Release|x64
		{6E49CCC4-45D8-441C-B1EF-ED68ED28593F}.Release|x86.ActiveCfg = Release|Win32
		{6E49CCC4-45D8-441C-B1EF-ED68ED28593F}.Release|x86.Build.0 = Release|Win32
		{4FF41492-7A2C-4E7D-A94A-5A29CD82653F}.Debug|x64.ActiveCfg = Debug|x64
		{4FF41492-7A2C-4E7D-A94A-5A29CD82653F}.Debug|x64.Build.0 = Debug|x64
		{4FF41492-7A2C-4E7D-A94A-5A29CD82653F}.Debug|x86.ActiveCfg = Debug|Win32
		{4FF41492-7A2C-4E7D-A94A-5A29CD82653F}.Debug|x86.Build.0 = Debug|Win32
		{4FF41492-7A2C-4E7D-A94A-5A29CD82653F}.Release|x64.ActiveCfg = Release|x64
		{4FF41492-7A2C-4E7D-A94A-5A29CD82653F}.Release|x64.Build.0 = Release|x64
		{4FF41492-7A2C-4E7D-A94A-5A29CD82653F}.Release|x86.ActiveCfg = Release|Win32
		{4FF41492-7A2C-4E7D-A94A-5A29CD82653F}.Release|x86.Build.0 = Release|Win32
		{448F9565-FE02-4539-BF32-DA684AB091DB}.Debug|x64.ActiveCfg = Debug|x64
		{448F9565-FE02-4539-BF32-DA684AB091DB}.Debug|x64.Build.0 = Debug|x64
		{448F9565-FE02-4539-BF32-DA684AB091DB}.Debug|x86.ActiveCfg = Debug|Win32
		{448F9565-FE02-4539-BF32-DA684AB091DB}.Debug|x86.Build.0 = Debug|Win32
		{448F9565-FE02-4539-BF32-DA684AB091DB}.Release|x64.ActiveCfg = Release|x64
		{448F9565-FE02-4539-BF32-DA684AB091DB}.Release|x64.Build.0 = Release|x64
		{448F9565-FE02-4539-BF32-DA684AB091DB}.Release|x86.ActiveCfg = Release|Win32
		{448F9565-FE02-4539-BF32-DA684AB091DB}.Release|x86.Build.0 = Release|Win32
		{FD784964-71D9-43C7-9C01-F9B991629C3E}.Debug|x64.ActiveCfg = Debug|x64
		{FD784964-71D9-43C7-9C01-F9B991629C3E}.Debug|x64.Build.0 = Debug|x64
		{FD784964-71D9-43C7-9C01-F9B991629C3E}.Debug|x86.ActiveCfg = Debug|Win32
		{FD784964-71D9-43C7-9C01-F9B991629C3E}.Debug|x86.Build.0 = Debug|Win32
		{FD784964-71D9-43C7-9C01-F9B991629C3E}.Release|x64.ActiveCfg = Release|x64
		{FD784964-71D9-43C7-9C01-F9B991629C3E}.Release|x64.Build.0 = Release|x64
		{FD784964-71D9-43C7-9C01-F9B991629C3E}.Release|x86.ActiveCfg = Release|Win32
		{FD784964-71D9-43C7-9C01-F9B991629C3E}.Release|x86.Build.0 = Release|Win32
		{F3C30D1B-5299-4646-ABC0-C24D16525BA9}.Debug|x64.ActiveCfg = Debug|x64
		{F3C30D1B-5299-4646-ABC0-C24D16525BA9}.Debug|x64.Build.0 = Debug|x64
		{F3C30D1B-5299-4646-ABC0-C24D16525BA9}.Debug|x86.ActiveCfg = Debug|Win32
		{F3C30D1B-5299-4646-ABC0-C24D16525BA9}.Debug|x86.Build.0 = Debug|Win32
		{F3C30D1B-5299-4646-ABC0-C24D16525BA9}.Release|x64.ActiveCfg = Release|x64
		{F3C30D1B-5299-4646-ABC0-C24D16525BA9}.Release|x64.Build.0 = Release|x64
		{F3C30D1B-5299-4646-ABC0-C24D16525BA9}.Release|x86.ActiveCfg = Release|Win32
		{F3C30D1B-5299-4646-ABC0-C24D16525BA9}.Release|x86.Build.0 = Release|Win32
		{E036B911-DA6D-4998-885C-EF56577A3775}.Debug|x64.ActiveCfg = Debug|x64
		{E036B911-DA6D-4998-885C-EF56577A3775}.Debug|x64.Build.0 = Debug|x64
		{E036B911-DA6D-4998-885C-EF56577A3775}.Debug|x86.ActiveCfg = Debug|Win32
		{E036B911-DA6D-4998-885C-EF56577A3775}.Debug|x86.Build.0 = Debug|Win32
		{E036B911-DA6D-4998-885C-EF56577A3775}.Release|x64.ActiveCfg = Release|x64
		{E036B911-DA6D-4998-885C-EF56577A3775}.Release|x64.Build.0 = Release|x64
		{E036B911-DA6D-4998-885C-EF56577A3775}.Release|x86.ActiveCfg = Release|Win32
		{E036B911-DA6D-4998-885C-EF56577A3775}.Release|x86.Build.0 = Release|Win32
	EndGlobalSection
	GlobalSection(SolutionProperties) = preSolution
		HideSolutionNode = FALSE
	EndGlobalSection
	GlobalSection(ExtensibilityGlobals) = postSolution
		SolutionGuid = {D3CCDF7D-540D-4547-B150-AC7252FE7C57}
	EndGlobalSection
EndGlobal
