{
  "name": "labs",
  "lockfileVersion": 3,
  "requires": true,
  "packages": {
    "": {
      "dependencies": {
        "goking": "^1.0.2",
        "nodemailer": "^6.9.6"
      }
    },
    "node_modules/goking": {
      "version": "1.0.2",
      "resolved": "https://registry.npmjs.org/goking/-/goking-1.0.2.tgz",
      "integrity": "sha512-G43Q2g4uge8S1GTYSZa6wau5VpmxD7q4zR0tWpWnlNtq5+9FbMblbD5Qe1YoZvldCFt3Avc0mzbtaeCxxSmD7A=="
    },
    "node_modules/nodemailer": {
      "version": "6.9.6",
      "resolved": "https://registry.npmjs.org/nodemailer/-/nodemailer-6.9.6.tgz",
      "integrity": "sha512-s7pDtWwe5fLMkQUhw8TkWB/wnZ7SRdd9HRZslq/s24hlZvBP3j32N/ETLmnqTpmj4xoBZL9fOWyCIZ7r2HORHg==",
      "engines": {
        "node": ">=6.0.0"
      }
    }
  }
}
