
Microsoft Visual Studio Solution File, Format Version 12.00
# Visual Studio Version 17
VisualStudioVersion = 17.3.32825.248
MinimumVisualStudioVersion = 10.0.40219.1
Project("{FAE04EC0-301F-11D3-BF4B-00C04F79EFBC}") = "lab7", "lab7\lab7.csproj", "{96C6D3E7-C1C1-4178-BBBC-8620B35F2BD5}"
EndProject
Project("{FAE04EC0-301F-11D3-BF4B-00C04F79EFBC}") = "Lab7Tests", "Lab7Tests\Lab7Tests.csproj", "{43D0D376-8CE2-4A1D-8237-65D068F5C76A}"
EndProject
Global
	GlobalSection(SolutionConfigurationPlatforms) = preSolution
		Debug|Any CPU = Debug|Any CPU
		Release|Any CPU = Release|Any CPU
	EndGlobalSection
	GlobalSection(ProjectConfigurationPlatforms) = postSolution
		{96C6D3E7-C1C1-4178-BBBC-8620B35F2BD5}.Debug|Any CPU.ActiveCfg = Debug|Any CPU
		{96C6D3E7-C1C1-4178-BBBC-8620B35F2BD5}.Debug|Any CPU.Build.0 = Debug|Any CPU
		{96C6D3E7-C1C1-4178-BBBC-8620B35F2BD5}.Release|Any CPU.ActiveCfg = Release|Any CPU
		{96C6D3E7-C1C1-4178-BBBC-8620B35F2BD5}.Release|Any CPU.Build.0 = Release|Any CPU
		{43D0D376-8CE2-4A1D-8237-65D068F5C76A}.Debug|Any CPU.ActiveCfg = Debug|Any CPU
		{43D0D376-8CE2-4A1D-8237-65D068F5C76A}.Debug|Any CPU.Build.0 = Debug|Any CPU
		{43D0D376-8CE2-4A1D-8237-65D068F5C76A}.Release|Any CPU.ActiveCfg = Release|Any CPU
		{43D0D376-8CE2-4A1D-8237-65D068F5C76A}.Release|Any CPU.Build.0 = Release|Any CPU
	EndGlobalSection
	GlobalSection(SolutionProperties) = preSolution
		HideSolutionNode = FALSE
	EndGlobalSection
	GlobalSection(ExtensibilityGlobals) = postSolution
		SolutionGuid = {249AA464-414D-4783-AF08-F60D248AAA41}
	EndGlobalSection
EndGlobal
