
Microsoft Visual Studio Solution File, Format Version 12.00
# Visual Studio Version 17
VisualStudioVersion = 17.3.32825.248
MinimumVisualStudioVersion = 10.0.40219.1
Project("{FAE04EC0-301F-11D3-BF4B-00C04F79EFBC}") = "lab9", "lab9\lab9.csproj", "{148E092C-190D-4C3B-BD22-C3347C4CBFED}"
EndProject
Global
	GlobalSection(SolutionConfigurationPlatforms) = preSolution
		Debug|Any CPU = Debug|Any CPU
		Release|Any CPU = Release|Any CPU
	EndGlobalSection
	GlobalSection(ProjectConfigurationPlatforms) = postSolution
		{148E092C-190D-4C3B-BD22-C3347C4CBFED}.Debug|Any CPU.ActiveCfg = Debug|Any CPU
		{148E092C-190D-4C3B-BD22-C3347C4CBFED}.Debug|Any CPU.Build.0 = Debug|Any CPU
		{148E092C-190D-4C3B-BD22-C3347C4CBFED}.Release|Any CPU.ActiveCfg = Release|Any CPU
		{148E092C-190D-4C3B-BD22-C3347C4CBFED}.Release|Any CPU.Build.0 = Release|Any CPU
	EndGlobalSection
	GlobalSection(SolutionProperties) = preSolution
		HideSolutionNode = FALSE
	EndGlobalSection
	GlobalSection(ExtensibilityGlobals) = postSolution
		SolutionGuid = {A3A6B306-EB0B-4A0A-97EC-32BF0809FF01}
	EndGlobalSection
EndGlobal
