
Microsoft Visual Studio Solution File, Format Version 12.00
# Visual Studio Version 17
VisualStudioVersion = 17.3.32825.248
MinimumVisualStudioVersion = 10.0.40219.1
Project("{8BC9CEB8-8B4A-11D0-8D11-00A0C91BC942}") = "SP4_HTAPI", "OS11_HTAPI\OS11_HTAPI.vcxproj", "{50179293-05A8-4F82-975D-BAF906F420F0}"
EndProject
Project("{8BC9CEB8-8B4A-11D0-8D11-00A0C91BC942}") = "SP4_CREATE", "SP4_CREATE\SP4_CREATE.vcxproj", "{5C97A20D-C69C-40C8-8579-D5CFD64A2F0B}"
EndProject
Project("{8BC9CEB8-8B4A-11D0-8D11-00A0C91BC942}") = "SP4_START", "SP4_START\SP4_START.vcxproj", "{278472C8-0191-4D82-B09D-BBA82E186C74}"
EndProject
Project("{8BC9CEB8-8B4A-11D0-8D11-00A0C91BC942}") = "SP4_02", "SP4_02\SP4_02.vcxproj", "{0B0A98E0-23A8-4FFC-AEA4-5D7EE9F174A6}"
EndProject
Project("{8BC9CEB8-8B4A-11D0-8D11-00A0C91BC942}") = "SP4_03", "SP4_03\SP4_03.vcxproj", "{C074554D-614F-4CB9-81C7-96C6F6C2F327}"
EndProject
Project("{8BC9CEB8-8B4A-11D0-8D11-00A0C91BC942}") = "SP04_04", "SP04_04\SP04_04.vcxproj", "{5450331A-00F6-4731-8566-149FF220CDD2}"
EndProject
Global
	GlobalSection(SolutionConfigurationPlatforms) = preSolution
		Debug|x64 = Debug|x64
		Debug|x86 = Debug|x86
		Release|x64 = Release|x64
		Release|x86 = Release|x86
	EndGlobalSection
	GlobalSection(ProjectConfigurationPlatforms) = postSolution
		{50179293-05A8-4F82-975D-BAF906F420F0}.Debug|x64.ActiveCfg = Debug|x64
		{50179293-05A8-4F82-975D-BAF906F420F0}.Debug|x64.Build.0 = Debug|x64
		{50179293-05A8-4F82-975D-BAF906F420F0}.Debug|x86.ActiveCfg = Debug|Win32
		{50179293-05A8-4F82-975D-BAF906F420F0}.Debug|x86.Build.0 = Debug|Win32
		{50179293-05A8-4F82-975D-BAF906F420F0}.Release|x64.ActiveCfg = Release|x64
		{50179293-05A8-4F82-975D-BAF906F420F0}.Release|x64.Build.0 = Release|x64
		{50179293-05A8-4F82-975D-BAF906F420F0}.Release|x86.ActiveCfg = Release|Win32
		{50179293-05A8-4F82-975D-BAF906F420F0}.Release|x86.Build.0 = Release|Win32
		{5C97A20D-C69C-40C8-8579-D5CFD64A2F0B}.Debug|x64.ActiveCfg = Debug|x64
		{5C97A20D-C69C-40C8-8579-D5CFD64A2F0B}.Debug|x64.Build.0 = Debug|x64
		{5C97A20D-C69C-40C8-8579-D5CFD64A2F0B}.Debug|x86.ActiveCfg = Debug|Win32
		{5C97A20D-C69C-40C8-8579-D5CFD64A2F0B}.Debug|x86.Build.0 = Debug|Win32
		{5C97A20D-C69C-40C8-8579-D5CFD64A2F0B}.Release|x64.ActiveCfg = Release|x64
		{5C97A20D-C69C-40C8-8579-D5CFD64A2F0B}.Release|x64.Build.0 = Release|x64
		{5C97A20D-C69C-40C8-8579-D5CFD64A2F0B}.Release|x86.ActiveCfg = Release|Win32
		{5C97A20D-C69C-40C8-8579-D5CFD64A2F0B}.Release|x86.Build.0 = Release|Win32
		{278472C8-0191-4D82-B09D-BBA82E186C74}.Debug|x64.ActiveCfg = Debug|x64
		{278472C8-0191-4D82-B09D-BBA82E186C74}.Debug|x64.Build.0 = Debug|x64
		{278472C8-0191-4D82-B09D-BBA82E186C74}.Debug|x86.ActiveCfg = Debug|Win32
		{278472C8-0191-4D82-B09D-BBA82E186C74}.Debug|x86.Build.0 = Debug|Win32
		{278472C8-0191-4D82-B09D-BBA82E186C74}.Release|x64.ActiveCfg = Release|x64
		{278472C8-0191-4D82-B09D-BBA82E186C74}.Release|x64.Build.0 = Release|x64
		{278472C8-0191-4D82-B09D-BBA82E186C74}.Release|x86.ActiveCfg = Release|Win32
		{278472C8-0191-4D82-B09D-BBA82E186C74}.Release|x86.Build.0 = Release|Win32
		{0B0A98E0-23A8-4FFC-AEA4-5D7EE9F174A6}.Debug|x64.ActiveCfg = Debug|x64
		{0B0A98E0-23A8-4FFC-AEA4-5D7EE9F174A6}.Debug|x64.Build.0 = Debug|x64
		{0B0A98E0-23A8-4FFC-AEA4-5D7EE9F174A6}.Debug|x86.ActiveCfg = Debug|Win32
		{0B0A98E0-23A8-4FFC-AEA4-5D7EE9F174A6}.Debug|x86.Build.0 = Debug|Win32
		{0B0A98E0-23A8-4FFC-AEA4-5D7EE9F174A6}.Release|x64.ActiveCfg = Release|x64
		{0B0A98E0-23A8-4FFC-AEA4-5D7EE9F174A6}.Release|x64.Build.0 = Release|x64
		{0B0A98E0-23A8-4FFC-AEA4-5D7EE9F174A6}.Release|x86.ActiveCfg = Release|Win32
		{0B0A98E0-23A8-4FFC-AEA4-5D7EE9F174A6}.Release|x86.Build.0 = Release|Win32
		{C074554D-614F-4CB9-81C7-96C6F6C2F327}.Debug|x64.ActiveCfg = Debug|x64
		{C074554D-614F-4CB9-81C7-96C6F6C2F327}.Debug|x64.Build.0 = Debug|x64
		{C074554D-614F-4CB9-81C7-96C6F6C2F327}.Debug|x86.ActiveCfg = Debug|Win32
		{C074554D-614F-4CB9-81C7-96C6F6C2F327}.Debug|x86.Build.0 = Debug|Win32
		{C074554D-614F-4CB9-81C7-96C6F6C2F327}.Release|x64.ActiveCfg = Release|x64
		{C074554D-614F-4CB9-81C7-96C6F6C2F327}.Release|x64.Build.0 = Release|x64
		{C074554D-614F-4CB9-81C7-96C6F6C2F327}.Release|x86.ActiveCfg = Release|Win32
		{C074554D-614F-4CB9-81C7-96C6F6C2F327}.Release|x86.Build.0 = Release|Win32
		{5450331A-00F6-4731-8566-149FF220CDD2}.Debug|x64.ActiveCfg = Debug|x64
		{5450331A-00F6-4731-8566-149FF220CDD2}.Debug|x64.Build.0 = Debug|x64
		{5450331A-00F6-4731-8566-149FF220CDD2}.Debug|x86.ActiveCfg = Debug|Win32
		{5450331A-00F6-4731-8566-149FF220CDD2}.Debug|x86.Build.0 = Debug|Win32
		{5450331A-00F6-4731-8566-149FF220CDD2}.Release|x64.ActiveCfg = Release|x64
		{5450331A-00F6-4731-8566-149FF220CDD2}.Release|x64.Build.0 = Release|x64
		{5450331A-00F6-4731-8566-149FF220CDD2}.Release|x86.ActiveCfg = Release|Win32
		{5450331A-00F6-4731-8566-149FF220CDD2}.Release|x86.Build.0 = Release|Win32
	EndGlobalSection
	GlobalSection(SolutionProperties) = preSolution
		HideSolutionNode = FALSE
	EndGlobalSection
	GlobalSection(ExtensibilityGlobals) = postSolution
		SolutionGuid = {6B508564-FE16-4147-8FD0-DD3D77375844}
	EndGlobalSection
EndGlobal
