
Microsoft Visual Studio Solution File, Format Version 12.00
# Visual Studio Version 17
VisualStudioVersion = 17.3.32825.248
MinimumVisualStudioVersion = 10.0.40219.1
Project("{8BC9CEB8-8B4A-11D0-8D11-00A0C91BC942}") = "SP03_01", "SP03_01\SP03_01.vcxproj", "{E81590E5-757D-4953-B617-1DE0EF422301}"
EndProject
Project("{8BC9CEB8-8B4A-11D0-8D11-00A0C91BC942}") = "SP03_HTAPI", "SP03_HTAPI\SP03_HTAPI.vcxproj", "{272D7384-9F2E-4F29-868F-269286A33974}"
EndProject
Project("{8BC9CEB8-8B4A-11D0-8D11-00A0C91BC942}") = "SP03_02", "SP03_02\SP03_02.vcxproj", "{97DAB9DE-6F7A-4F94-A372-B77905663A2F}"
EndProject
Project("{8BC9CEB8-8B4A-11D0-8D11-00A0C91BC942}") = "SP03_03", "SP03_03\SP03_03.vcxproj", "{A710F689-434B-4276-8029-8A90C80CD9D7}"
EndProject
Project("{8BC9CEB8-8B4A-11D0-8D11-00A0C91BC942}") = "SP03_04", "SP03_04\SP03_04.vcxproj", "{5184FD9F-4546-4FF2-A556-1C5E58066E6F}"
EndProject
Global
	GlobalSection(SolutionConfigurationPlatforms) = preSolution
		Debug|x64 = Debug|x64
		Debug|x86 = Debug|x86
		Release|x64 = Release|x64
		Release|x86 = Release|x86
	EndGlobalSection
	GlobalSection(ProjectConfigurationPlatforms) = postSolution
		{E81590E5-757D-4953-B617-1DE0EF422301}.Debug|x64.ActiveCfg = Debug|x64
		{E81590E5-757D-4953-B617-1DE0EF422301}.Debug|x64.Build.0 = Debug|x64
		{E81590E5-757D-4953-B617-1DE0EF422301}.Debug|x86.ActiveCfg = Debug|Win32
		{E81590E5-757D-4953-B617-1DE0EF422301}.Debug|x86.Build.0 = Debug|Win32
		{E81590E5-757D-4953-B617-1DE0EF422301}.Release|x64.ActiveCfg = Release|x64
		{E81590E5-757D-4953-B617-1DE0EF422301}.Release|x64.Build.0 = Release|x64
		{E81590E5-757D-4953-B617-1DE0EF422301}.Release|x86.ActiveCfg = Release|Win32
		{E81590E5-757D-4953-B617-1DE0EF422301}.Release|x86.Build.0 = Release|Win32
		{272D7384-9F2E-4F29-868F-269286A33974}.Debug|x64.ActiveCfg = Debug|x64
		{272D7384-9F2E-4F29-868F-269286A33974}.Debug|x64.Build.0 = Debug|x64
		{272D7384-9F2E-4F29-868F-269286A33974}.Debug|x86.ActiveCfg = Debug|Win32
		{272D7384-9F2E-4F29-868F-269286A33974}.Debug|x86.Build.0 = Debug|Win32
		{272D7384-9F2E-4F29-868F-269286A33974}.Release|x64.ActiveCfg = Release|x64
		{272D7384-9F2E-4F29-868F-269286A33974}.Release|x64.Build.0 = Release|x64
		{272D7384-9F2E-4F29-868F-269286A33974}.Release|x86.ActiveCfg = Release|Win32
		{272D7384-9F2E-4F29-868F-269286A33974}.Release|x86.Build.0 = Release|Win32
		{97DAB9DE-6F7A-4F94-A372-B77905663A2F}.Debug|x64.ActiveCfg = Debug|x64
		{97DAB9DE-6F7A-4F94-A372-B77905663A2F}.Debug|x64.Build.0 = Debug|x64
		{97DAB9DE-6F7A-4F94-A372-B77905663A2F}.Debug|x86.ActiveCfg = Debug|Win32
		{97DAB9DE-6F7A-4F94-A372-B77905663A2F}.Debug|x86.Build.0 = Debug|Win32
		{97DAB9DE-6F7A-4F94-A372-B77905663A2F}.Release|x64.ActiveCfg = Release|x64
		{97DAB9DE-6F7A-4F94-A372-B77905663A2F}.Release|x64.Build.0 = Release|x64
		{97DAB9DE-6F7A-4F94-A372-B77905663A2F}.Release|x86.ActiveCfg = Release|Win32
		{97DAB9DE-6F7A-4F94-A372-B77905663A2F}.Release|x86.Build.0 = Release|Win32
		{A710F689-434B-4276-8029-8A90C80CD9D7}.Debug|x64.ActiveCfg = Debug|x64
		{A710F689-434B-4276-8029-8A90C80CD9D7}.Debug|x64.Build.0 = Debug|x64
		{A710F689-434B-4276-8029-8A90C80CD9D7}.Debug|x86.ActiveCfg = Debug|Win32
		{A710F689-434B-4276-8029-8A90C80CD9D7}.Debug|x86.Build.0 = Debug|Win32
		{A710F689-434B-4276-8029-8A90C80CD9D7}.Release|x64.ActiveCfg = Release|x64
		{A710F689-434B-4276-8029-8A90C80CD9D7}.Release|x64.Build.0 = Release|x64
		{A710F689-434B-4276-8029-8A90C80CD9D7}.Release|x86.ActiveCfg = Release|Win32
		{A710F689-434B-4276-8029-8A90C80CD9D7}.Release|x86.Build.0 = Release|Win32
		{5184FD9F-4546-4FF2-A556-1C5E58066E6F}.Debug|x64.ActiveCfg = Debug|x64
		{5184FD9F-4546-4FF2-A556-1C5E58066E6F}.Debug|x64.Build.0 = Debug|x64
		{5184FD9F-4546-4FF2-A556-1C5E58066E6F}.Debug|x86.ActiveCfg = Debug|Win32
		{5184FD9F-4546-4FF2-A556-1C5E58066E6F}.Debug|x86.Build.0 = Debug|Win32
		{5184FD9F-4546-4FF2-A556-1C5E58066E6F}.Release|x64.ActiveCfg = Release|x64
		{5184FD9F-4546-4FF2-A556-1C5E58066E6F}.Release|x64.Build.0 = Release|x64
		{5184FD9F-4546-4FF2-A556-1C5E58066E6F}.Release|x86.ActiveCfg = Release|Win32
		{5184FD9F-4546-4FF2-A556-1C5E58066E6F}.Release|x86.Build.0 = Release|Win32
	EndGlobalSection
	GlobalSection(SolutionProperties) = preSolution
		HideSolutionNode = FALSE
	EndGlobalSection
	GlobalSection(ExtensibilityGlobals) = postSolution
		SolutionGuid = {D3D29B43-E911-4247-8730-C4E8E9B148AB}
	EndGlobalSection
EndGlobal
